// !$*UTF8*$!
{
	archiveVersion = 1;
	classes = {
	};
	objectVersion = 50;
	objects = {

/* Begin PBXBuildFile section */
		836D11FBB2BB6E97A415710B /* Pods_GoodList.framework in Frameworks */ = {isa = PBXBuildFile; fileRef = 0286CCA519AEE898C7EFB191 /* Pods_GoodList.framework */; };
		BE0B4EC32512199800C5B8C7 /* AddTaskViewController.swift in Sources */ = {isa = PBXBuildFile; fileRef = BE0B4EC22512199800C5B8C7 /* AddTaskViewController.swift */; };
		BE0B4EC625121AF000C5B8C7 /* Task.swift in Sources */ = {isa = PBXBuildFile; fileRef = BE0B4EC525121AF000C5B8C7 /* Task.swift */; };
		BEF9D7A8250DC70C00975123 /* AppDelegate.swift in Sources */ = {isa = PBXBuildFile; fileRef = BEF9D7A7250DC70C00975123 /* AppDelegate.swift */; };
		BEF9D7AA250DC70C00975123 /* SceneDelegate.swift in Sources */ = {isa = PBXBuildFile; fileRef = BEF9D7A9250DC70C00975123 /* SceneDelegate.swift */; };
		BEF9D7AF250DC70C00975123 /* Main.storyboard in Resources */ = {isa = PBXBuildFile; fileRef = BEF9D7AD250DC70C00975123 /* Main.storyboard */; };
		BEF9D7B1250DC70F00975123 /* Assets.xcassets in Resources */ = {isa = PBXBuildFile; fileRef = BEF9D7B0250DC70F00975123 /* Assets.xcassets */; };
		BEF9D7B4250DC70F00975123 /* LaunchScreen.storyboard in Resources */ = {isa = PBXBuildFile; fileRef = BEF9D7B2250DC70F00975123 /* LaunchScreen.storyboard */; };
		BEF9D7BD250DC73500975123 /* TaskListViewController.swift in Sources */ = {isa = PBXBuildFile; fileRef = BEF9D7BC250DC73500975123 /* TaskListViewController.swift */; };
/* End PBXBuildFile section */

/* Begin PBXFileReference section */
		00BAF53F9C7DEE8C6A8B495D /* Pods-GoodList.release.xcconfig */ = {isa = PBXFileReference; includeInIndex = 1; lastKnownFileType = text.xcconfig; name = "Pods-GoodList.release.xcconfig"; path = "Target Support Files/Pods-GoodList/Pods-GoodList.release.xcconfig"; sourceTree = "<group>"; };
		0286CCA519AEE898C7EFB191 /* Pods_GoodList.framework */ = {isa = PBXFileReference; explicitFileType = wrapper.framework; includeInIndex = 0; path = Pods_GoodList.framework; sourceTree = BUILT_PRODUCTS_DIR; };
		053AA5743D8B796AFFFF51AB /* Pods-GoodList.debug.xcconfig */ = {isa = PBXFileReference; includeInIndex = 1; lastKnownFileType = text.xcconfig; name = "Pods-GoodList.debug.xcconfig"; path = "Target Support Files/Pods-GoodList/Pods-GoodList.debug.xcconfig"; sourceTree = "<group>"; };
		BE0B4EC22512199800C5B8C7 /* AddTaskViewController.swift */ = {isa = PBXFileReference; lastKnownFileType = sourcecode.swift; path = AddTaskViewController.swift; sourceTree = "<group>"; };
		BE0B4EC525121AF000C5B8C7 /* Task.swift */ = {isa = PBXFileReference; lastKnownFileType = sourcecode.swift; path = Task.swift; sourceTree = "<group>"; };
		BEF9D7A4250DC70C00975123 /* GoodList.app */ = {isa = PBXFileReference; explicitFileType = wrapper.application; includeInIndex = 0; path = GoodList.app; sourceTree = BUILT_PRODUCTS_DIR; };
		BEF9D7A7250DC70C00975123 /* AppDelegate.swift */ = {isa = PBXFileReference; lastKnownFileType = sourcecode.swift; path = AppDelegate.swift; sourceTree = "<group>"; };
		BEF9D7A9250DC70C00975123 /* SceneDelegate.swift */ = {isa = PBXFileReference; lastKnownFileType = sourcecode.swift; path = SceneDelegate.swift; sourceTree = "<group>"; };
		BEF9D7AE250DC70C00975123 /* Base */ = {isa = PBXFileReference; lastKnownFileType = file.storyboard; name = Base; path = Base.lproj/Main.storyboard; sourceTree = "<group>"; };
		BEF9D7B0250DC70F00975123 /* Assets.xcassets */ = {isa = PBXFileReference; lastKnownFileType = folder.assetcatalog; path = Assets.xcassets; sourceTree = "<group>"; };
		BEF9D7B3250DC70F00975123 /* Base */ = {isa = PBXFileReference; lastKnownFileType = file.storyboard; name = Base; path = Base.lproj/LaunchScreen.storyboard; sourceTree = "<group>"; };
		BEF9D7B5250DC70F00975123 /* Info.plist */ = {isa = PBXFileReference; lastKnownFileType = text.plist.xml; path = Info.plist; sourceTree = "<group>"; };
		BEF9D7BC250DC73500975123 /* TaskListViewController.swift */ = {isa = PBXFileReference; lastKnownFileType = sourcecode.swift; path = TaskListViewController.swift; sourceTree = "<group>"; };
/* End PBXFileReference section */

/* Begin PBXFrameworksBuildPhase section */
		BEF9D7A1250DC70C00975123 /* Frameworks */ = {
			isa = PBXFrameworksBuildPhase;
			buildActionMask = 2147483647;
			files = (
				836D11FBB2BB6E97A415710B /* Pods_GoodList.framework in Frameworks */,
			);
			runOnlyForDeploymentPostprocessing = 0;
		};
/* End PBXFrameworksBuildPhase section */

/* Begin PBXGroup section */
		BE0B4EC425121AE200C5B8C7 /* Models */ = {
			isa = PBXGroup;
			children = (
				BE0B4EC525121AF000C5B8C7 /* Task.swift */,
			);
			path = Models;
			sourceTree = "<group>";
		};
		BEF9D79B250DC70C00975123 = {
			isa = PBXGroup;
			children = (
				BEF9D7A6250DC70C00975123 /* GoodList */,
				BEF9D7A5250DC70C00975123 /* Products */,
				C8B40B380437ED888D57CF18 /* Pods */,
				FE0C49CD930D978FD01B052D /* Frameworks */,
			);
			sourceTree = "<group>";
		};
		BEF9D7A5250DC70C00975123 /* Products */ = {
			isa = PBXGroup;
			children = (
				BEF9D7A4250DC70C00975123 /* GoodList.app */,
			);
			name = Products;
			sourceTree = "<group>";
		};
		BEF9D7A6250DC70C00975123 /* GoodList */ = {
			isa = PBXGroup;
			children = (
				BE0B4EC425121AE200C5B8C7 /* Models */,
				BEF9D7BB250DC72300975123 /* Controllers */,
				BEF9D7A7250DC70C00975123 /* AppDelegate.swift */,
				BEF9D7A9250DC70C00975123 /* SceneDelegate.swift */,
				BEF9D7AD250DC70C00975123 /* Main.storyboard */,
				BEF9D7B0250DC70F00975123 /* Assets.xcassets */,
				BEF9D7B2250DC70F00975123 /* LaunchScreen.storyboard */,
				BEF9D7B5250DC70F00975123 /* Info.plist */,
			);
			path = GoodList;
			sourceTree = "<group>";
		};
		BEF9D7BB250DC72300975123 /* Controllers */ = {
			isa = PBXGroup;
			children = (
				BEF9D7BC250DC73500975123 /* TaskListViewController.swift */,
				BE0B4EC22512199800C5B8C7 /* AddTaskViewController.swift */,
			);
			path = Controllers;
			sourceTree = "<group>";
		};
		C8B40B380437ED888D57CF18 /* Pods */ = {
			isa = PBXGroup;
			children = (
				053AA5743D8B796AFFFF51AB /* Pods-GoodList.debug.xcconfig */,
				00BAF53F9C7DEE8C6A8B495D /* Pods-GoodList.release.xcconfig */,
			);
			name = Pods;
			path = Pods;
			sourceTree = "<group>";
		};
		FE0C49CD930D978FD01B052D /* Frameworks */ = {
			isa = PBXGroup;
			children = (
				0286CCA519AEE898C7EFB191 /* Pods_GoodList.framework */,
			);
			name = Frameworks;
			sourceTree = "<group>";
		};
/* End PBXGroup section */

/* Begin PBXNativeTarget section */
		BEF9D7A3250DC70C00975123 /* GoodList */ = {
			isa = PBXNativeTarget;
			buildConfigurationList = BEF9D7B8250DC70F00975123 /* Build configuration list for PBXNativeTarget "GoodList" */;
			buildPhases = (
				A837EC88ADDE3679D5F05807 /* [CP] Check Pods Manifest.lock */,
				BEF9D7A0250DC70C00975123 /* Sources */,
				BEF9D7A1250DC70C00975123 /* Frameworks */,
				BEF9D7A2250DC70C00975123 /* Resources */,
				00DBF337B7B772801B98FBE8 /* [CP] Embed Pods Frameworks */,
			);
			buildRules = (
			);
			dependencies = (
			);
			name = GoodList;
			productName = GoodList;
			productReference = BEF9D7A4250DC70C00975123 /* GoodList.app */;
			productType = "com.apple.product-type.application";
		};
/* End PBXNativeTarget section */

/* Begin PBXProject section */
		BEF9D79C250DC70C00975123 /* Project object */ = {
			isa = PBXProject;
			attributes = {
				LastSwiftUpdateCheck = 1160;
				LastUpgradeCheck = 1160;
				ORGANIZATIONNAME = manato;
				TargetAttributes = {
					BEF9D7A3250DC70C00975123 = {
						CreatedOnToolsVersion = 11.6;
					};
				};
			};
			buildConfigurationList = BEF9D79F250DC70C00975123 /* Build configuration list for PBXProject "GoodList" */;
			compatibilityVersion = "Xcode 9.3";
			developmentRegion = en;
			hasScannedForEncodings = 0;
			knownRegions = (
				en,
				Base,
			);
			mainGroup = BEF9D79B250DC70C00975123;
			productRefGroup = BEF9D7A5250DC70C00975123 /* Products */;
			projectDirPath = "";
			projectRoot = "";
			targets = (
				BEF9D7A3250DC70C00975123 /* GoodList */,
			);
		};
/* End PBXProject section */

/* Begin PBXResourcesBuildPhase section */
		BEF9D7A2250DC70C00975123 /* Resources */ = {
			isa = PBXResourcesBuildPhase;
			buildActionMask = 2147483647;
			files = (
				BEF9D7B4250DC70F00975123 /* LaunchScreen.storyboard in Resources */,
				BEF9D7B1250DC70F00975123 /* Assets.xcassets in Resources */,
				BEF9D7AF250DC70C00975123 /* Main.storyboard in Resources */,
			);
			runOnlyForDeploymentPostprocessing = 0;
		};
/* End PBXResourcesBuildPhase section */

/* Begin PBXShellScriptBuildPhase section */
		00DBF337B7B772801B98FBE8 /* [CP] Embed Pods Frameworks */ = {
			isa = PBXShellScriptBuildPhase;
			buildActionMask = 2147483647;
			files = (
			);
			inputFileListPaths = (
				"${PODS_ROOT}/Target Support Files/Pods-GoodList/Pods-GoodList-frameworks-${CONFIGURATION}-input-files.xcfilelist",
			);
			name = "[CP] Embed Pods Frameworks";
			outputFileListPaths = (
				"${PODS_ROOT}/Target Support Files/Pods-GoodList/Pods-GoodList-frameworks-${CONFIGURATION}-output-files.xcfilelist",
			);
			runOnlyForDeploymentPostprocessing = 0;
			shellPath = /bin/sh;
			shellScript = "\"${PODS_ROOT}/Target Support Files/Pods-GoodList/Pods-GoodList-frameworks.sh\"\n";
			showEnvVarsInLog = 0;
		};
		A837EC88ADDE3679D5F05807 /* [CP] Check Pods Manifest.lock */ = {
			isa = PBXShellScriptBuildPhase;
			buildActionMask = 2147483647;
			files = (
			);
			inputFileListPaths = (
			);
			inputPaths = (
				"${PODS_PODFILE_DIR_PATH}/Podfile.lock",
				"${PODS_ROOT}/Manifest.lock",
			);
			name = "[CP] Check Pods Manifest.lock";
			outputFileListPaths = (
			);
			outputPaths = (
				"$(DERIVED_FILE_DIR)/Pods-GoodList-checkManifestLockResult.txt",
			);
			runOnlyForDeploymentPostprocessing = 0;
			shellPath = /bin/sh;
			shellScript = "diff \"${PODS_PODFILE_DIR_PATH}/Podfile.lock\" \"${PODS_ROOT}/Manifest.lock\" > /dev/null\nif [ $? != 0 ] ; then\n    # print error to STDERR\n    echo \"error: The sandbox is not in sync with the Podfile.lock. Run 'pod install' or update your CocoaPods installation.\" >&2\n    exit 1\nfi\n# This output is used by Xcode 'outputs' to avoid re-running this script phase.\necho \"SUCCESS\" > \"${SCRIPT_OUTPUT_FILE_0}\"\n";
			showEnvVarsInLog = 0;
		};
/* End PBXShellScriptBuildPhase section */

/* Begin PBXSourcesBuildPhase section */
		BEF9D7A0250DC70C00975123 /* Sources */ = {
			isa = PBXSourcesBuildPhase;
			buildActionMask = 2147483647;
			files = (
				BEF9D7A8250DC70C00975123 /* AppDelegate.swift in Sources */,
				BE0B4EC32512199800C5B8C7 /* AddTaskViewController.swift in Sources */,
				BE0B4EC625121AF000C5B8C7 /* Task.swift in Sources */,
				BEF9D7AA250DC70C00975123 /* SceneDelegate.swift in Sources */,
				BEF9D7BD250DC73500975123 /* TaskListViewController.swift in Sources */,
			);
			runOnlyForDeploymentPostprocessing = 0;
		};
/* End PBXSourcesBuildPhase section */

/* Begin PBXVariantGroup section */
		BEF9D7AD250DC70C00975123 /* Main.storyboard */ = {
			isa = PBXVariantGroup;
			children = (
				BEF9D7AE250DC70C00975123 /* Base */,
			);
			name = Main.storyboard;
			sourceTree = "<group>";
		};
		BEF9D7B2250DC70F00975123 /* LaunchScreen.storyboard */ = {
			isa = PBXVariantGroup;
			children = (
				BEF9D7B3250DC70F00975123 /* Base */,
			);
			name = LaunchScreen.storyboard;
			sourceTree = "<group>";
		};
/* End PBXVariantGroup section */

/* Begin XCBuildConfiguration section */
		BEF9D7B6250DC70F00975123 /* Debug */ = {
			isa = XCBuildConfiguration;
			buildSettings = {
				ALWAYS_SEARCH_USER_PATHS = NO;
				CLANG_ANALYZER_NONNULL = YES;
				CLANG_ANALYZER_NUMBER_OBJECT_CONVERSION = YES_AGGRESSIVE;
				CLANG_CXX_LANGUAGE_STANDARD = "gnu++14";
				CLANG_CXX_LIBRARY = "libc++";
				CLANG_ENABLE_MODULES = YES;
				CLANG_ENABLE_OBJC_ARC = YES;
				CLANG_ENABLE_OBJC_WEAK = YES;
				CLANG_WARN_BLOCK_CAPTURE_AUTORELEASING = YES;
				CLANG_WARN_BOOL_CONVERSION = YES;
				CLANG_WARN_COMMA = YES;
				CLANG_WARN_CONSTANT_CONVERSION = YES;
				CLANG_WARN_DEPRECATED_OBJC_IMPLEMENTATIONS = YES;
				CLANG_WARN_DIRECT_OBJC_ISA_USAGE = YES_ERROR;
				CLANG_WARN_DOCUMENTATION_COMMENTS = YES;
				CLANG_WARN_EMPTY_BODY = YES;
				CLANG_WARN_ENUM_CONVERSION = YES;
				CLANG_WARN_INFINITE_RECURSION = YES;
				CLANG_WARN_INT_CONVERSION = YES;
				CLANG_WARN_NON_LITERAL_NULL_CONVERSION = YES;
				CLANG_WARN_OBJC_IMPLICIT_RETAIN_SELF = YES;
				CLANG_WARN_OBJC_LITERAL_CONVERSION = YES;
				CLANG_WARN_OBJC_ROOT_CLASS = YES_ERROR;
				CLANG_WARN_RANGE_LOOP_ANALYSIS = YES;
				CLANG_WARN_STRICT_PROTOTYPES = YES;
				CLANG_WARN_SUSPICIOUS_MOVE = YES;
				CLANG_WARN_UNGUARDED_AVAILABILITY = YES_AGGRESSIVE;
				CLANG_WARN_UNREACHABLE_CODE = YES;
				CLANG_WARN__DUPLICATE_METHOD_MATCH = YES;
				COPY_PHASE_STRIP = NO;
				DEBUG_INFORMATION_FORMAT = dwarf;
				ENABLE_STRICT_OBJC_MSGSEND = YES;
				ENABLE_TESTABILITY = YES;
				GCC_C_LANGUAGE_STANDARD = gnu11;
				GCC_DYNAMIC_NO_PIC = NO;
				GCC_NO_COMMON_BLOCKS = YES;
				GCC_OPTIMIZATION_LEVEL = 0;
				GCC_PREPROCESSOR_DEFINITIONS = (
					"DEBUG=1",
					"$(inherited)",
				);
				GCC_WARN_64_TO_32_BIT_CONVERSION = YES;
				GCC_WARN_ABOUT_RETURN_TYPE = YES_ERROR;
				GCC_WARN_UNDECLARED_SELECTOR = YES;
				GCC_WARN_UNINITIALIZED_AUTOS = YES_AGGRESSIVE;
				GCC_WARN_UNUSED_FUNCTION = YES;
				GCC_WARN_UNUSED_VARIABLE = YES;
				IPHONEOS_DEPLOYMENT_TARGET = 13.6;
				MTL_ENABLE_DEBUG_INFO = INCLUDE_SOURCE;
				MTL_FAST_MATH = YES;
				ONLY_ACTIVE_ARCH = YES;
				SDKROOT = iphoneos;
				SWIFT_ACTIVE_COMPILATION_CONDITIONS = DEBUG;
				SWIFT_OPTIMIZATION_LEVEL = "-Onone";
			};
			name = Debug;
		};
		BEF9D7B7250DC70F00975123 /* Release */ = {
			isa = XCBuildConfiguration;
			buildSettings = {
				ALWAYS_SEARCH_USER_PATHS = NO;
				CLANG_ANALYZER_NONNULL = YES;
				CLANG_ANALYZER_NUMBER_OBJECT_CONVERSION = YES_AGGRESSIVE;
				CLANG_CXX_LANGUAGE_STANDARD = "gnu++14";
				CLANG_CXX_LIBRARY = "libc++";
				CLANG_ENABLE_MODULES = YES;
				CLANG_ENABLE_OBJC_ARC = YES;
				CLANG_ENABLE_OBJC_WEAK = YES;
				CLANG_WARN_BLOCK_CAPTURE_AUTORELEASING = YES;
				CLANG_WARN_BOOL_CONVERSION = YES;
				CLANG_WARN_COMMA = YES;
				CLANG_WARN_CONSTANT_CONVERSION = YES;
				CLANG_WARN_DEPRECATED_OBJC_IMPLEMENTATIONS = YES;
				CLANG_WARN_DIRECT_OBJC_ISA_USAGE = YES_ERROR;
				CLANG_WARN_DOCUMENTATION_COMMENTS = YES;
				CLANG_WARN_EMPTY_BODY = YES;
				CLANG_WARN_ENUM_CONVERSION = YES;
				CLANG_WARN_INFINITE_RECURSION = YES;
				CLANG_WARN_INT_CONVERSION = YES;
				CLANG_WARN_NON_LITERAL_NULL_CONVERSION = YES;
				CLANG_WARN_OBJC_IMPLICIT_RETAIN_SELF = YES;
				CLANG_WARN_OBJC_LITERAL_CONVERSION = YES;
				CLANG_WARN_OBJC_ROOT_CLASS = YES_ERROR;
				CLANG_WARN_RANGE_LOOP_ANALYSIS = YES;
				CLANG_WARN_STRICT_PROTOTYPES = YES;
				CLANG_WARN_SUSPICIOUS_MOVE = YES;
				CLANG_WARN_UNGUARDED_AVAILABILITY = YES_AGGRESSIVE;
				CLANG_WARN_UNREACHABLE_CODE = YES;
				CLANG_WARN__DUPLICATE_METHOD_MATCH = YES;
				COPY_PHASE_STRIP = NO;
				DEBUG_INFORMATION_FORMAT = "dwarf-with-dsym";
				ENABLE_NS_ASSERTIONS = NO;
				ENABLE_STRICT_OBJC_MSGSEND = YES;
				GCC_C_LANGUAGE_STANDARD = gnu11;
				GCC_NO_COMMON_BLOCKS = YES;
				GCC_WARN_64_TO_32_BIT_CONVERSION = YES;
				GCC_WARN_ABOUT_RETURN_TYPE = YES_ERROR;
				GCC_WARN_UNDECLARED_SELECTOR = YES;
				GCC_WARN_UNINITIALIZED_AUTOS = YES_AGGRESSIVE;
				GCC_WARN_UNUSED_FUNCTION = YES;
				GCC_WARN_UNUSED_VARIABLE = YES;
				IPHONEOS_DEPLOYMENT_TARGET = 13.6;
				MTL_ENABLE_DEBUG_INFO = NO;
				MTL_FAST_MATH = YES;
				SDKROOT = iphoneos;
				SWIFT_COMPILATION_MODE = wholemodule;
				SWIFT_OPTIMIZATION_LEVEL = "-O";
				VALIDATE_PRODUCT = YES;
			};
			name = Release;
		};
		BEF9D7B9250DC70F00975123 /* Debug */ = {
			isa = XCBuildConfiguration;
			baseConfigurationReference = 053AA5743D8B796AFFFF51AB /* Pods-GoodList.debug.xcconfig */;
			buildSettings = {
				ASSETCATALOG_COMPILER_APPICON_NAME = AppIcon;
				CODE_SIGN_STYLE = Automatic;
				INFOPLIST_FILE = GoodList/Info.plist;
				LD_RUNPATH_SEARCH_PATHS = (
					"$(inherited)",
					"@executable_path/Frameworks",
				);
				PRODUCT_BUNDLE_IDENTIFIER = com.manato.GoodList;
				PRODUCT_NAME = "$(TARGET_NAME)";
				SWIFT_VERSION = 5.0;
				TARGETED_DEVICE_FAMILY = "1,2";
			};
			name = Debug;
		};
		BEF9D7BA250DC70F00975123 /* Release */ = {
			isa = XCBuildConfiguration;
			baseConfigurationReference = 00BAF53F9C7DEE8C6A8B495D /* Pods-GoodList.release.xcconfig */;
			buildSettings = {
				ASSETCATALOG_COMPILER_APPICON_NAME = AppIcon;
				CODE_SIGN_STYLE = Automatic;
				INFOPLIST_FILE = GoodList/Info.plist;
				LD_RUNPATH_SEARCH_PATHS = (
					"$(inherited)",
					"@executable_path/Frameworks",
				);
				PRODUCT_BUNDLE_IDENTIFIER = com.manato.GoodList;
				PRODUCT_NAME = "$(TARGET_NAME)";
				SWIFT_VERSION = 5.0;
				TARGETED_DEVICE_FAMILY = "1,2";
			};
			name = Release;
		};
/* End XCBuildConfiguration section */

/* Begin XCConfigurationList section */
		BEF9D79F250DC70C00975123 /* Build configuration list for PBXProject "GoodList" */ = {
			isa = XCConfigurationList;
			buildConfigurations = (
				BEF9D7B6250DC70F00975123 /* Debug */,
				BEF9D7B7250DC70F00975123 /* Release */,
			);
			defaultConfigurationIsVisible = 0;
			defaultConfigurationName = Release;
		};
		BEF9D7B8250DC70F00975123 /* Build configuration list for PBXNativeTarget "GoodList" */ = {
			isa = XCConfigurationList;
			buildConfigurations = (
				BEF9D7B9250DC70F00975123 /* Debug */,
				BEF9D7BA250DC70F00975123 /* Release */,
			);
			defaultConfigurationIsVisible = 0;
			defaultConfigurationName = Release;
		};
/* End XCConfigurationList section */
	};
	rootObject = BEF9D79C250DC70C00975123 /* Project object */;
}
